
Microsoft Visual Studio Solution File, Format Version 12.00
# Visual Studio Version 17
VisualStudioVersion = 17.0.31903.59
MinimumVisualStudioVersion = 10.0.40219.1
Project("{FAE04EC0-301F-11D3-BF4B-00C04F79EFBC}") = "StudentPortal.Repositories", "StudentPortal.Repositories\StudentPortal.Repositories.csproj", "{BB39C046-32E8-4FD7-B42A-6CD54B40AC44}"
EndProject
Project("{FAE04EC0-301F-11D3-BF4B-00C04F79EFBC}") = "StudentPortal.Services", "StudentPortal.Services\StudentPortal.Services.csproj", "{A5D8BA26-14C9-4303-9FA8-AC0FB22F9FA1}"
EndProject
Project("{FAE04EC0-301F-11D3-BF4B-00C04F79EFBC}") = "StudentPortal.API", "StudentPortal.API\StudentPortal.API.csproj", "{3EB7530F-5953-4BA4-999D-660E0CA1E805}"
EndProject
Global
	GlobalSection(SolutionConfigurationPlatforms) = preSolution
		Debug|Any CPU = Debug|Any CPU
		Release|Any CPU = Release|Any CPU
	EndGlobalSection
	GlobalSection(SolutionProperties) = preSolution
		HideSolutionNode = FALSE
	EndGlobalSection
	GlobalSection(ProjectConfigurationPlatforms) = postSolution
		{BB39C046-32E8-4FD7-B42A-6CD54B40AC44}.Debug|Any CPU.ActiveCfg = Debug|Any CPU
		{BB39C046-32E8-4FD7-B42A-6CD54B40AC44}.Debug|Any CPU.Build.0 = Debug|Any CPU
		{BB39C046-32E8-4FD7-B42A-6CD54B40AC44}.Release|Any CPU.ActiveCfg = Release|Any CPU
		{BB39C046-32E8-4FD7-B42A-6CD54B40AC44}.Release|Any CPU.Build.0 = Release|Any CPU
		{A5D8BA26-14C9-4303-9FA8-AC0FB22F9FA1}.Debug|Any CPU.ActiveCfg = Debug|Any CPU
		{A5D8BA26-14C9-4303-9FA8-AC0FB22F9FA1}.Debug|Any CPU.Build.0 = Debug|Any CPU
		{A5D8BA26-14C9-4303-9FA8-AC0FB22F9FA1}.Release|Any CPU.ActiveCfg = Release|Any CPU
		{A5D8BA26-14C9-4303-9FA8-AC0FB22F9FA1}.Release|Any CPU.Build.0 = Release|Any CPU
		{3EB7530F-5953-4BA4-999D-660E0CA1E805}.Debug|Any CPU.ActiveCfg = Debug|Any CPU
		{3EB7530F-5953-4BA4-999D-660E0CA1E805}.Debug|Any CPU.Build.0 = Debug|Any CPU
		{3EB7530F-5953-4BA4-999D-660E0CA1E805}.Release|Any CPU.ActiveCfg = Release|Any CPU
		{3EB7530F-5953-4BA4-999D-660E0CA1E805}.Release|Any CPU.Build.0 = Release|Any CPU
	EndGlobalSection
EndGlobal
